// !$*UTF8*$!
{
	archiveVersion = 1;
	classes = {
	};
	objectVersion = 46;
	objects = {

/* Begin PBXBuildFile section */
		417D342F18D1C81B0043C52D /* Foundation.framework in Frameworks */ = {isa = PBXBuildFile; fileRef = 417D342E18D1C81B0043C52D /* Foundation.framework */; };
		417D343418D1C81B0043C52D /* ShareSDKForANE.m in Copy Files */ = {isa = PBXBuildFile; fileRef = 417D343318D1C81B0043C52D /* ShareSDKForANE.m */; };
		417D346818D1CA890043C52D /* ShareSDKForANE.m in Sources */ = {isa = PBXBuildFile; fileRef = 417D343318D1C81B0043C52D /* ShareSDKForANE.m */; };
		E20348D21D59DCCD00C0D457 /* ShareSDK.framework in Frameworks */ = {isa = PBXBuildFile; fileRef = E203489F1D59DCCD00C0D457 /* ShareSDK.framework */; };
		E20348D31D59DCCD00C0D457 /* ShareSDKExtension.framework in Frameworks */ = {isa = PBXBuildFile; fileRef = E20348A21D59DCCD00C0D457 /* ShareSDKExtension.framework */; };
		E20348D51D59DCCD00C0D457 /* ShareSDKUI.framework in Frameworks */ = {isa = PBXBuildFile; fileRef = E20348A51D59DCCD00C0D457 /* ShareSDKUI.framework */; };
		E20348D61D59DCCD00C0D457 /* libAPOpenSdk.a in Frameworks */ = {isa = PBXBuildFile; fileRef = E20348AA1D59DCCD00C0D457 /* libAPOpenSdk.a */; };
		E20348D71D59DCCD00C0D457 /* README.md in Sources */ = {isa = PBXBuildFile; fileRef = E20348AB1D59DCCD00C0D457 /* README.md */; };
		E20348D81D59DCCD00C0D457 /* FBSDKMessengerShareKit.framework in Frameworks */ = {isa = PBXBuildFile; fileRef = E20348AD1D59DCCD00C0D457 /* FBSDKMessengerShareKit.framework */; };
		E20348DA1D59DCCD00C0D457 /* TencentOpenAPI.framework in Frameworks */ = {isa = PBXBuildFile; fileRef = E20348B11D59DCCD00C0D457 /* TencentOpenAPI.framework */; };
		E20348DB1D59DCCD00C0D457 /* RennSDK.framework in Frameworks */ = {isa = PBXBuildFile; fileRef = E20348B51D59DCCD00C0D457 /* RennSDK.framework */; };
		E20348DD1D59DCCD00C0D457 /* libWeChatSDK.a in Frameworks */ = {isa = PBXBuildFile; fileRef = E20348C51D59DCCD00C0D457 /* libWeChatSDK.a */; };
		E20348DE1D59DCCD00C0D457 /* libYixinSDK.a in Frameworks */ = {isa = PBXBuildFile; fileRef = E20348CB1D59DCCD00C0D457 /* libYixinSDK.a */; };
		E20348DF1D59DCCD00C0D457 /* MOBFoundation.framework in Frameworks */ = {isa = PBXBuildFile; fileRef = E20348CF1D59DCCD00C0D457 /* MOBFoundation.framework */; };
		E20348E01D59DCCD00C0D457 /* ShareSDKConnector.framework in Frameworks */ = {isa = PBXBuildFile; fileRef = E20348D11D59DCCD00C0D457 /* ShareSDKConnector.framework */; };
		E22C49771BC626E600A7ED02 /* AdSupport.framework in Frameworks */ = {isa = PBXBuildFile; fileRef = E22C49761BC626E600A7ED02 /* AdSupport.framework */; };
		E24C04651B9427C300CF489E /* CoreMotion.framework in Frameworks */ = {isa = PBXBuildFile; fileRef = E24C04641B9427C300CF489E /* CoreMotion.framework */; };
		E24C04671B9427C900CF489E /* CoreLocation.framework in Frameworks */ = {isa = PBXBuildFile; fileRef = E24C04661B9427C900CF489E /* CoreLocation.framework */; };
		E24C04691B9427D200CF489E /* MediaPlayer.framework in Frameworks */ = {isa = PBXBuildFile; fileRef = E24C04681B9427D200CF489E /* MediaPlayer.framework */; };
		E24C046B1B9427D700CF489E /* AssetsLibrary.framework in Frameworks */ = {isa = PBXBuildFile; fileRef = E24C046A1B9427D700CF489E /* AssetsLibrary.framework */; };
		E24C046E1B9427E600CF489E /* AddressBook.framework in Frameworks */ = {isa = PBXBuildFile; fileRef = E24C046D1B9427E600CF489E /* AddressBook.framework */; };
		E25CBF7F1B87157E00AB1C99 /* ImageIO.framework in Frameworks */ = {isa = PBXBuildFile; fileRef = E25CBF7E1B87157E00AB1C99 /* ImageIO.framework */; };
/* End PBXBuildFile section */

/* Begin PBXCopyFilesBuildPhase section */
		417D342918D1C81B0043C52D /* Copy Files */ = {
			isa = PBXCopyFilesBuildPhase;
			buildActionMask = 2147483647;
			dstPath = "include/$(PRODUCT_NAME)";
			dstSubfolderSpec = 16;
			files = (
				417D343418D1C81B0043C52D /* ShareSDKForANE.m in Copy Files */,
			);
			name = "Copy Files";
			runOnlyForDeploymentPostprocessing = 0;
		};
/* End PBXCopyFilesBuildPhase section */

/* Begin PBXFileReference section */
		4104859718D9662C006FCAF8 /* CoreGraphics.framework */ = {isa = PBXFileReference; lastKnownFileType = wrapper.framework; name = CoreGraphics.framework; path = System/Library/Frameworks/CoreGraphics.framework; sourceTree = SDKROOT; };
		4104866D18D97326006FCAF8 /* SystemConfiguration.framework */ = {isa = PBXFileReference; lastKnownFileType = wrapper.framework; name = SystemConfiguration.framework; path = System/Library/Frameworks/SystemConfiguration.framework; sourceTree = SDKROOT; };
		4104867918D97371006FCAF8 /* MessageUI.framework */ = {isa = PBXFileReference; lastKnownFileType = wrapper.framework; name = MessageUI.framework; path = System/Library/Frameworks/MessageUI.framework; sourceTree = SDKROOT; };
		4104867B18D97377006FCAF8 /* CoreTelephony.framework */ = {isa = PBXFileReference; lastKnownFileType = wrapper.framework; name = CoreTelephony.framework; path = System/Library/Frameworks/CoreTelephony.framework; sourceTree = SDKROOT; };
		417D342B18D1C81B0043C52D /* libShareSDKForANE.a */ = {isa = PBXFileReference; explicitFileType = archive.ar; includeInIndex = 0; path = libShareSDKForANE.a; sourceTree = BUILT_PRODUCTS_DIR; };
		417D342E18D1C81B0043C52D /* Foundation.framework */ = {isa = PBXFileReference; lastKnownFileType = wrapper.framework; name = Foundation.framework; path = System/Library/Frameworks/Foundation.framework; sourceTree = SDKROOT; };
		417D343218D1C81B0043C52D /* ShareSDKForANE-Prefix.pch */ = {isa = PBXFileReference; lastKnownFileType = sourcecode.c.h; path = "ShareSDKForANE-Prefix.pch"; sourceTree = "<group>"; };
		417D343318D1C81B0043C52D /* ShareSDKForANE.m */ = {isa = PBXFileReference; lastKnownFileType = sourcecode.c.objc; path = ShareSDKForANE.m; sourceTree = "<group>"; };
		417D343C18D1C81B0043C52D /* XCTest.framework */ = {isa = PBXFileReference; lastKnownFileType = wrapper.framework; name = XCTest.framework; path = Library/Frameworks/XCTest.framework; sourceTree = DEVELOPER_DIR; };
		417D343F18D1C81B0043C52D /* UIKit.framework */ = {isa = PBXFileReference; lastKnownFileType = wrapper.framework; name = UIKit.framework; path = Library/Frameworks/UIKit.framework; sourceTree = DEVELOPER_DIR; };
		417D344618D1C81B0043C52D /* ShareSDKForANETests-Info.plist */ = {isa = PBXFileReference; lastKnownFileType = text.plist.xml; path = "ShareSDKForANETests-Info.plist"; sourceTree = "<group>"; };
		417D344818D1C81B0043C52D /* en */ = {isa = PBXFileReference; lastKnownFileType = text.plist.strings; name = en; path = en.lproj/InfoPlist.strings; sourceTree = "<group>"; };
		417D344A18D1C81B0043C52D /* ShareSDKForANETests.m */ = {isa = PBXFileReference; lastKnownFileType = sourcecode.c.objc; path = ShareSDKForANETests.m; sourceTree = "<group>"; };
		417D346718D1C8A60043C52D /* FlashRuntimeExtensions.h */ = {isa = PBXFileReference; fileEncoding = 4; lastKnownFileType = sourcecode.c.h; path = FlashRuntimeExtensions.h; sourceTree = "<group>"; };
		E203489F1D59DCCD00C0D457 /* ShareSDK.framework */ = {isa = PBXFileReference; lastKnownFileType = wrapper.framework; path = ShareSDK.framework; sourceTree = "<group>"; };
		E20348A21D59DCCD00C0D457 /* ShareSDKExtension.framework */ = {isa = PBXFileReference; lastKnownFileType = wrapper.framework; path = ShareSDKExtension.framework; sourceTree = "<group>"; };
		E20348A41D59DCCD00C0D457 /* ShareSDKUI.bundle */ = {isa = PBXFileReference; lastKnownFileType = "wrapper.plug-in"; path = ShareSDKUI.bundle; sourceTree = "<group>"; };
		E20348A51D59DCCD00C0D457 /* ShareSDKUI.framework */ = {isa = PBXFileReference; lastKnownFileType = wrapper.framework; path = ShareSDKUI.framework; sourceTree = "<group>"; };
		E20348A81D59DCCD00C0D457 /* APOpenAPI.h */ = {isa = PBXFileReference; fileEncoding = 4; lastKnownFileType = sourcecode.c.h; path = APOpenAPI.h; sourceTree = "<group>"; };
		E20348A91D59DCCD00C0D457 /* APOpenAPIObject.h */ = {isa = PBXFileReference; fileEncoding = 4; lastKnownFileType = sourcecode.c.h; path = APOpenAPIObject.h; sourceTree = "<group>"; };
		E20348AA1D59DCCD00C0D457 /* libAPOpenSdk.a */ = {isa = PBXFileReference; lastKnownFileType = archive.ar; path = libAPOpenSdk.a; sourceTree = "<group>"; };
		E20348AB1D59DCCD00C0D457 /* README.md */ = {isa = PBXFileReference; fileEncoding = 4; lastKnownFileType = net.daringfireball.markdown; path = README.md; sourceTree = "<group>"; };
		E20348AD1D59DCCD00C0D457 /* FBSDKMessengerShareKit.framework */ = {isa = PBXFileReference; lastKnownFileType = wrapper.framework; path = FBSDKMessengerShareKit.framework; sourceTree = "<group>"; };
		E20348B11D59DCCD00C0D457 /* TencentOpenAPI.framework */ = {isa = PBXFileReference; lastKnownFileType = wrapper.framework; path = TencentOpenAPI.framework; sourceTree = "<group>"; };
		E20348B21D59DCCD00C0D457 /* TencentOpenApi_IOS_Bundle.bundle */ = {isa = PBXFileReference; lastKnownFileType = "wrapper.plug-in"; path = TencentOpenApi_IOS_Bundle.bundle; sourceTree = "<group>"; };
		E20348B41D59DCCD00C0D457 /* RennSDK.bundle */ = {isa = PBXFileReference; lastKnownFileType = "wrapper.plug-in"; path = RennSDK.bundle; sourceTree = "<group>"; };
		E20348B51D59DCCD00C0D457 /* RennSDK.framework */ = {isa = PBXFileReference; lastKnownFileType = wrapper.framework; path = RennSDK.framework; sourceTree = "<group>"; };
		E20348C51D59DCCD00C0D457 /* libWeChatSDK.a */ = {isa = PBXFileReference; lastKnownFileType = archive.ar; path = libWeChatSDK.a; sourceTree = "<group>"; };
		E20348C61D59DCCD00C0D457 /* README.txt */ = {isa = PBXFileReference; fileEncoding = 4; lastKnownFileType = text; path = README.txt; sourceTree = "<group>"; };
		E20348C71D59DCCD00C0D457 /* WechatAuthSDK.h */ = {isa = PBXFileReference; fileEncoding = 4; lastKnownFileType = sourcecode.c.h; path = WechatAuthSDK.h; sourceTree = "<group>"; };
		E20348C81D59DCCD00C0D457 /* WXApi.h */ = {isa = PBXFileReference; fileEncoding = 4; lastKnownFileType = sourcecode.c.h; path = WXApi.h; sourceTree = "<group>"; };
		E20348C91D59DCCD00C0D457 /* WXApiObject.h */ = {isa = PBXFileReference; fileEncoding = 4; lastKnownFileType = sourcecode.c.h; path = WXApiObject.h; sourceTree = "<group>"; };
		E20348CB1D59DCCD00C0D457 /* libYixinSDK.a */ = {isa = PBXFileReference; lastKnownFileType = archive.ar; path = libYixinSDK.a; sourceTree = "<group>"; };
		E20348CC1D59DCCD00C0D457 /* YXApi.h */ = {isa = PBXFileReference; fileEncoding = 4; lastKnownFileType = sourcecode.c.h; path = YXApi.h; sourceTree = "<group>"; };
		E20348CD1D59DCCD00C0D457 /* YXApiObject.h */ = {isa = PBXFileReference; fileEncoding = 4; lastKnownFileType = sourcecode.c.h; path = YXApiObject.h; sourceTree = "<group>"; };
		E20348CF1D59DCCD00C0D457 /* MOBFoundation.framework */ = {isa = PBXFileReference; lastKnownFileType = wrapper.framework; path = MOBFoundation.framework; sourceTree = "<group>"; };
		E20348D01D59DCCD00C0D457 /* ShareSDK.bundle */ = {isa = PBXFileReference; lastKnownFileType = "wrapper.plug-in"; path = ShareSDK.bundle; sourceTree = "<group>"; };
		E20348D11D59DCCD00C0D457 /* ShareSDKConnector.framework */ = {isa = PBXFileReference; lastKnownFileType = wrapper.framework; path = ShareSDKConnector.framework; sourceTree = "<group>"; };
		E22C49761BC626E600A7ED02 /* AdSupport.framework */ = {isa = PBXFileReference; lastKnownFileType = wrapper.framework; name = AdSupport.framework; path = System/Library/Frameworks/AdSupport.framework; sourceTree = SDKROOT; };
		E24C04641B9427C300CF489E /* CoreMotion.framework */ = {isa = PBXFileReference; lastKnownFileType = wrapper.framework; name = CoreMotion.framework; path = System/Library/Frameworks/CoreMotion.framework; sourceTree = SDKROOT; };
		E24C04661B9427C900CF489E /* CoreLocation.framework */ = {isa = PBXFileReference; lastKnownFileType = wrapper.framework; name = CoreLocation.framework; path = System/Library/Frameworks/CoreLocation.framework; sourceTree = SDKROOT; };
		E24C04681B9427D200CF489E /* MediaPlayer.framework */ = {isa = PBXFileReference; lastKnownFileType = wrapper.framework; name = MediaPlayer.framework; path = System/Library/Frameworks/MediaPlayer.framework; sourceTree = SDKROOT; };
		E24C046A1B9427D700CF489E /* AssetsLibrary.framework */ = {isa = PBXFileReference; lastKnownFileType = wrapper.framework; name = AssetsLibrary.framework; path = System/Library/Frameworks/AssetsLibrary.framework; sourceTree = SDKROOT; };
		E24C046D1B9427E600CF489E /* AddressBook.framework */ = {isa = PBXFileReference; lastKnownFileType = wrapper.framework; name = AddressBook.framework; path = System/Library/Frameworks/AddressBook.framework; sourceTree = SDKROOT; };
		E25CBF7E1B87157E00AB1C99 /* ImageIO.framework */ = {isa = PBXFileReference; lastKnownFileType = wrapper.framework; name = ImageIO.framework; path = System/Library/Frameworks/ImageIO.framework; sourceTree = SDKROOT; };
/* End PBXFileReference section */

/* Begin PBXFrameworksBuildPhase section */
		417D342818D1C81B0043C52D /* Frameworks */ = {
			isa = PBXFrameworksBuildPhase;
			buildActionMask = 2147483647;
			files = (
				E22C49771BC626E600A7ED02 /* AdSupport.framework in Frameworks */,
				E20348DA1D59DCCD00C0D457 /* TencentOpenAPI.framework in Frameworks */,
				E24C046E1B9427E600CF489E /* AddressBook.framework in Frameworks */,
				E20348E01D59DCCD00C0D457 /* ShareSDKConnector.framework in Frameworks */,
				E24C046B1B9427D700CF489E /* AssetsLibrary.framework in Frameworks */,
				E24C04691B9427D200CF489E /* MediaPlayer.framework in Frameworks */,
				E20348DF1D59DCCD00C0D457 /* MOBFoundation.framework in Frameworks */,
				E24C04671B9427C900CF489E /* CoreLocation.framework in Frameworks */,
				E24C04651B9427C300CF489E /* CoreMotion.framework in Frameworks */,
				E20348D81D59DCCD00C0D457 /* FBSDKMessengerShareKit.framework in Frameworks */,
				E20348DB1D59DCCD00C0D457 /* RennSDK.framework in Frameworks */,
				E20348D21D59DCCD00C0D457 /* ShareSDK.framework in Frameworks */,
				E20348D51D59DCCD00C0D457 /* ShareSDKUI.framework in Frameworks */,
				E20348DD1D59DCCD00C0D457 /* libWeChatSDK.a in Frameworks */,
				E20348D31D59DCCD00C0D457 /* ShareSDKExtension.framework in Frameworks */,
				E20348DE1D59DCCD00C0D457 /* libYixinSDK.a in Frameworks */,
				E20348D61D59DCCD00C0D457 /* libAPOpenSdk.a in Frameworks */,
				E25CBF7F1B87157E00AB1C99 /* ImageIO.framework in Frameworks */,
				417D342F18D1C81B0043C52D /* Foundation.framework in Frameworks */,
			);
			runOnlyForDeploymentPostprocessing = 0;
		};
/* End PBXFrameworksBuildPhase section */

/* Begin PBXGroup section */
		417D342218D1C81B0043C52D = {
			isa = PBXGroup;
			children = (
				E203489E1D59DCCD00C0D457 /* ShareSDK */,
				417D343018D1C81B0043C52D /* ShareSDKForANE */,
				417D344418D1C81B0043C52D /* ShareSDKForANETests */,
				417D342D18D1C81B0043C52D /* Frameworks */,
				417D342C18D1C81B0043C52D /* Products */,
			);
			sourceTree = "<group>";
		};
		417D342C18D1C81B0043C52D /* Products */ = {
			isa = PBXGroup;
			children = (
				417D342B18D1C81B0043C52D /* libShareSDKForANE.a */,
			);
			name = Products;
			sourceTree = "<group>";
		};
		417D342D18D1C81B0043C52D /* Frameworks */ = {
			isa = PBXGroup;
			children = (
				E22C49761BC626E600A7ED02 /* AdSupport.framework */,
				E24C046D1B9427E600CF489E /* AddressBook.framework */,
				E24C046A1B9427D700CF489E /* AssetsLibrary.framework */,
				E24C04681B9427D200CF489E /* MediaPlayer.framework */,
				E24C04661B9427C900CF489E /* CoreLocation.framework */,
				E24C04641B9427C300CF489E /* CoreMotion.framework */,
				E25CBF7E1B87157E00AB1C99 /* ImageIO.framework */,
				4104867B18D97377006FCAF8 /* CoreTelephony.framework */,
				4104867918D97371006FCAF8 /* MessageUI.framework */,
				4104866D18D97326006FCAF8 /* SystemConfiguration.framework */,
				417D342E18D1C81B0043C52D /* Foundation.framework */,
				417D343C18D1C81B0043C52D /* XCTest.framework */,
				417D343F18D1C81B0043C52D /* UIKit.framework */,
				4104859718D9662C006FCAF8 /* CoreGraphics.framework */,
			);
			name = Frameworks;
			sourceTree = "<group>";
		};
		417D343018D1C81B0043C52D /* ShareSDKForANE */ = {
			isa = PBXGroup;
			children = (
				417D346718D1C8A60043C52D /* FlashRuntimeExtensions.h */,
				417D343318D1C81B0043C52D /* ShareSDKForANE.m */,
				417D343118D1C81B0043C52D /* Supporting Files */,
			);
			path = ShareSDKForANE;
			sourceTree = "<group>";
		};
		417D343118D1C81B0043C52D /* Supporting Files */ = {
			isa = PBXGroup;
			children = (
				417D343218D1C81B0043C52D /* ShareSDKForANE-Prefix.pch */,
			);
			name = "Supporting Files";
			sourceTree = "<group>";
		};
		417D344418D1C81B0043C52D /* ShareSDKForANETests */ = {
			isa = PBXGroup;
			children = (
				417D344A18D1C81B0043C52D /* ShareSDKForANETests.m */,
				417D344518D1C81B0043C52D /* Supporting Files */,
			);
			path = ShareSDKForANETests;
			sourceTree = "<group>";
		};
		417D344518D1C81B0043C52D /* Supporting Files */ = {
			isa = PBXGroup;
			children = (
				417D344618D1C81B0043C52D /* ShareSDKForANETests-Info.plist */,
				417D344718D1C81B0043C52D /* InfoPlist.strings */,
			);
			name = "Supporting Files";
			sourceTree = "<group>";
		};
		E203489E1D59DCCD00C0D457 /* ShareSDK */ = {
			isa = PBXGroup;
			children = (
				E203489F1D59DCCD00C0D457 /* ShareSDK.framework */,
				E20348A01D59DCCD00C0D457 /* Support */,
			);
			path = ShareSDK;
			sourceTree = "<group>";
		};
		E20348A01D59DCCD00C0D457 /* Support */ = {
			isa = PBXGroup;
			children = (
				E20348A11D59DCCD00C0D457 /* Optional */,
				E20348A61D59DCCD00C0D457 /* PlatformSDK */,
				E20348CE1D59DCCD00C0D457 /* Required */,
			);
			path = Support;
			sourceTree = "<group>";
		};
		E20348A11D59DCCD00C0D457 /* Optional */ = {
			isa = PBXGroup;
			children = (
				E20348A21D59DCCD00C0D457 /* ShareSDKExtension.framework */,
				E20348A41D59DCCD00C0D457 /* ShareSDKUI.bundle */,
				E20348A51D59DCCD00C0D457 /* ShareSDKUI.framework */,
			);
			path = Optional;
			sourceTree = "<group>";
		};
		E20348A61D59DCCD00C0D457 /* PlatformSDK */ = {
			isa = PBXGroup;
			children = (
				E20348A71D59DCCD00C0D457 /* APSocialSDK */,
				E20348AC1D59DCCD00C0D457 /* FacebookMessengerSDK */,
				E20348B01D59DCCD00C0D457 /* QQSDK */,
				E20348B31D59DCCD00C0D457 /* RenRenSDK */,
				E20348C41D59DCCD00C0D457 /* WeChatSDK */,
				E20348CA1D59DCCD00C0D457 /* YiXinSDK */,
			);
			path = PlatformSDK;
			sourceTree = "<group>";
		};
		E20348A71D59DCCD00C0D457 /* APSocialSDK */ = {
			isa = PBXGroup;
			children = (
				E20348A81D59DCCD00C0D457 /* APOpenAPI.h */,
				E20348A91D59DCCD00C0D457 /* APOpenAPIObject.h */,
				E20348AA1D59DCCD00C0D457 /* libAPOpenSdk.a */,
				E20348AB1D59DCCD00C0D457 /* README.md */,
			);
			path = APSocialSDK;
			sourceTree = "<group>";
		};
		E20348AC1D59DCCD00C0D457 /* FacebookMessengerSDK */ = {
			isa = PBXGroup;
			children = (
				E20348AD1D59DCCD00C0D457 /* FBSDKMessengerShareKit.framework */,
			);
			path = FacebookMessengerSDK;
			sourceTree = "<group>";
		};
		E20348B01D59DCCD00C0D457 /* QQSDK */ = {
			isa = PBXGroup;
			children = (
				E20348B11D59DCCD00C0D457 /* TencentOpenAPI.framework */,
				E20348B21D59DCCD00C0D457 /* TencentOpenApi_IOS_Bundle.bundle */,
			);
			path = QQSDK;
			sourceTree = "<group>";
		};
		E20348B31D59DCCD00C0D457 /* RenRenSDK */ = {
			isa = PBXGroup;
			children = (
				E20348B41D59DCCD00C0D457 /* RennSDK.bundle */,
				E20348B51D59DCCD00C0D457 /* RennSDK.framework */,
			);
			path = RenRenSDK;
			sourceTree = "<group>";
		};
		E20348C41D59DCCD00C0D457 /* WeChatSDK */ = {
			isa = PBXGroup;
			children = (
				E20348C51D59DCCD00C0D457 /* libWeChatSDK.a */,
				E20348C61D59DCCD00C0D457 /* README.txt */,
				E20348C71D59DCCD00C0D457 /* WechatAuthSDK.h */,
				E20348C81D59DCCD00C0D457 /* WXApi.h */,
				E20348C91D59DCCD00C0D457 /* WXApiObject.h */,
			);
			path = WeChatSDK;
			sourceTree = "<group>";
		};
		E20348CA1D59DCCD00C0D457 /* YiXinSDK */ = {
			isa = PBXGroup;
			children = (
				E20348CB1D59DCCD00C0D457 /* libYixinSDK.a */,
				E20348CC1D59DCCD00C0D457 /* YXApi.h */,
				E20348CD1D59DCCD00C0D457 /* YXApiObject.h */,
			);
			path = YiXinSDK;
			sourceTree = "<group>";
		};
		E20348CE1D59DCCD00C0D457 /* Required */ = {
			isa = PBXGroup;
			children = (
				E20348CF1D59DCCD00C0D457 /* MOBFoundation.framework */,
				E20348D01D59DCCD00C0D457 /* ShareSDK.bundle */,
				E20348D11D59DCCD00C0D457 /* ShareSDKConnector.framework */,
			);
			path = Required;
			sourceTree = "<group>";
		};
/* End PBXGroup section */

/* Begin PBXNativeTarget section */
		417D342A18D1C81B0043C52D /* ShareSDKForANE */ = {
			isa = PBXNativeTarget;
			buildConfigurationList = 417D344E18D1C81B0043C52D /* Build configuration list for PBXNativeTarget "ShareSDKForANE" */;
			buildPhases = (
				417D342718D1C81B0043C52D /* Sources */,
				417D342818D1C81B0043C52D /* Frameworks */,
				417D342918D1C81B0043C52D /* Copy Files */,
			);
			buildRules = (
			);
			dependencies = (
			);
			name = ShareSDKForANE;
			productName = ShareSDKForANE;
			productReference = 417D342B18D1C81B0043C52D /* libShareSDKForANE.a */;
			productType = "com.apple.product-type.library.static";
		};
/* End PBXNativeTarget section */

/* Begin PBXProject section */
		417D342318D1C81B0043C52D /* Project object */ = {
			isa = PBXProject;
			attributes = {
				LastUpgradeCheck = 0510;
				ORGANIZATIONNAME = "掌淘科技";
			};
			buildConfigurationList = 417D342618D1C81B0043C52D /* Build configuration list for PBXProject "ShareSDKForANE" */;
			compatibilityVersion = "Xcode 3.2";
			developmentRegion = English;
			hasScannedForEncodings = 0;
			knownRegions = (
				en,
				Base,
				"zh-Hans",
			);
			mainGroup = 417D342218D1C81B0043C52D;
			productRefGroup = 417D342C18D1C81B0043C52D /* Products */;
			projectDirPath = "";
			projectRoot = "";
			targets = (
				417D342A18D1C81B0043C52D /* ShareSDKForANE */,
			);
		};
/* End PBXProject section */

/* Begin PBXSourcesBuildPhase section */
		417D342718D1C81B0043C52D /* Sources */ = {
			isa = PBXSourcesBuildPhase;
			buildActionMask = 2147483647;
			files = (
				E20348D71D59DCCD00C0D457 /* README.md in Sources */,
				417D346818D1CA890043C52D /* ShareSDKForANE.m in Sources */,
			);
			runOnlyForDeploymentPostprocessing = 0;
		};
/* End PBXSourcesBuildPhase section */

/* Begin PBXVariantGroup section */
		417D344718D1C81B0043C52D /* InfoPlist.strings */ = {
			isa = PBXVariantGroup;
			children = (
				417D344818D1C81B0043C52D /* en */,
			);
			name = InfoPlist.strings;
			sourceTree = "<group>";
		};
/* End PBXVariantGroup section */

/* Begin XCBuildConfiguration section */
		417D344C18D1C81B0043C52D /* Debug */ = {
			isa = XCBuildConfiguration;
			buildSettings = {
				ALWAYS_SEARCH_USER_PATHS = NO;
				ARCHS = (
					"$(ARCHS_STANDARD)",
					armv7s,
					armv64,
				);
				CLANG_CXX_LANGUAGE_STANDARD = "gnu++0x";
				CLANG_CXX_LIBRARY = "libc++";
				CLANG_ENABLE_MODULES = YES;
				CLANG_ENABLE_OBJC_ARC = YES;
				CLANG_WARN_BOOL_CONVERSION = YES;
				CLANG_WARN_CONSTANT_CONVERSION = YES;
				CLANG_WARN_DIRECT_OBJC_ISA_USAGE = YES_ERROR;
				CLANG_WARN_EMPTY_BODY = YES;
				CLANG_WARN_ENUM_CONVERSION = YES;
				CLANG_WARN_INT_CONVERSION = YES;
				CLANG_WARN_OBJC_ROOT_CLASS = YES_ERROR;
				CLANG_WARN__DUPLICATE_METHOD_MATCH = YES;
				COPY_PHASE_STRIP = NO;
				GCC_C_LANGUAGE_STANDARD = gnu99;
				GCC_DYNAMIC_NO_PIC = NO;
				GCC_OPTIMIZATION_LEVEL = 0;
				GCC_PREPROCESSOR_DEFINITIONS = (
					"DEBUG=1",
					"$(inherited)",
				);
				GCC_SYMBOLS_PRIVATE_EXTERN = NO;
				GCC_WARN_64_TO_32_BIT_CONVERSION = YES;
				GCC_WARN_ABOUT_RETURN_TYPE = YES_ERROR;
				GCC_WARN_UNDECLARED_SELECTOR = YES;
				GCC_WARN_UNINITIALIZED_AUTOS = YES_AGGRESSIVE;
				GCC_WARN_UNUSED_FUNCTION = YES;
				GCC_WARN_UNUSED_VARIABLE = YES;
				IPHONEOS_DEPLOYMENT_TARGET = 7.1;
				ONLY_ACTIVE_ARCH = YES;
				SDKROOT = iphoneos;
			};
			name = Debug;
		};
		417D344D18D1C81B0043C52D /* Release */ = {
			isa = XCBuildConfiguration;
			buildSettings = {
				ALWAYS_SEARCH_USER_PATHS = NO;
				ARCHS = (
					"$(ARCHS_STANDARD)",
					armv7s,
					armv64,
				);
				CLANG_CXX_LANGUAGE_STANDARD = "gnu++0x";
				CLANG_CXX_LIBRARY = "libc++";
				CLANG_ENABLE_MODULES = YES;
				CLANG_ENABLE_OBJC_ARC = YES;
				CLANG_WARN_BOOL_CONVERSION = YES;
				CLANG_WARN_CONSTANT_CONVERSION = YES;
				CLANG_WARN_DIRECT_OBJC_ISA_USAGE = YES_ERROR;
				CLANG_WARN_EMPTY_BODY = YES;
				CLANG_WARN_ENUM_CONVERSION = YES;
				CLANG_WARN_INT_CONVERSION = YES;
				CLANG_WARN_OBJC_ROOT_CLASS = YES_ERROR;
				CLANG_WARN__DUPLICATE_METHOD_MATCH = YES;
				COPY_PHASE_STRIP = YES;
				ENABLE_NS_ASSERTIONS = NO;
				GCC_C_LANGUAGE_STANDARD = gnu99;
				GCC_WARN_64_TO_32_BIT_CONVERSION = YES;
				GCC_WARN_ABOUT_RETURN_TYPE = YES_ERROR;
				GCC_WARN_UNDECLARED_SELECTOR = YES;
				GCC_WARN_UNINITIALIZED_AUTOS = YES_AGGRESSIVE;
				GCC_WARN_UNUSED_FUNCTION = YES;
				GCC_WARN_UNUSED_VARIABLE = YES;
				IPHONEOS_DEPLOYMENT_TARGET = 7.1;
				SDKROOT = iphoneos;
				VALIDATE_PRODUCT = YES;
			};
			name = Release;
		};
		417D344F18D1C81B0043C52D /* Debug */ = {
			isa = XCBuildConfiguration;
			buildSettings = {
				ARCHS = "$(ARCHS_STANDARD)";
				CLANG_ENABLE_OBJC_ARC = YES;
				DSTROOT = /tmp/ShareSDKForANE.dst;
				ENABLE_BITCODE = NO;
				FRAMEWORK_SEARCH_PATHS = (
					"$(PROJECT_DIR)/libraries/extends/GooglePlusSDK",
					"$(PROJECT_DIR)/libraries/extends/QQSDK",
					"$(PROJECT_DIR)/libraries/extends/RenRenSDK",
					"$(PROJECT_DIR)/libraries",
					"$(PROJECT_DIR)/libraries/extends/KaKaoSDK",
					"$(PROJECT_DIR)/ShareSDK",
					"$(PROJECT_DIR)/ShareSDK/Support/Optional",
					"$(PROJECT_DIR)/ShareSDK/Support/PlatformSDK/FacebookMessengerSDK",
					"$(PROJECT_DIR)/ShareSDK/Support/PlatformSDK/KaKaoSDK",
					"$(PROJECT_DIR)/ShareSDK/Support/PlatformSDK/QQSDK",
					"$(PROJECT_DIR)/ShareSDK/Support/PlatformSDK/RenRenSDK",
					"$(PROJECT_DIR)/ShareSDK/Support/Required",
				);
				GCC_PRECOMPILE_PREFIX_HEADER = YES;
				GCC_PREFIX_HEADER = "ShareSDKForANE/ShareSDKForANE-Prefix.pch";
				IPHONEOS_DEPLOYMENT_TARGET = 6.0;
				LD_RUNPATH_SEARCH_PATHS = "$(inherited) @executable_path/Frameworks";
				LIBRARY_SEARCH_PATHS = (
					"$(inherited)",
					"$(PROJECT_DIR)/libraries/extends/SinaWeiboSDK",
					"$(PROJECT_DIR)/libraries/extends/WeChatSDK",
					"$(PROJECT_DIR)/libraries/extends/APSocialSDK",
					"$(PROJECT_DIR)/libraries/extends/YiXinSDK",
					"$(PROJECT_DIR)/ShareSDK/Support/PlatformSDK/APSocialSDK",
					"$(PROJECT_DIR)/ShareSDK/Support/PlatformSDK/SinaWeiboSDK",
					"$(PROJECT_DIR)/ShareSDK/Support/PlatformSDK/WeChatSDK",
					"$(PROJECT_DIR)/ShareSDK/Support/PlatformSDK/YiXinSDK",
				);
				ONLY_ACTIVE_ARCH = YES;
				OTHER_CFLAGS = "";
				OTHER_LDFLAGS = (
					"-ObjC",
					"-all_load",
				);
				PRODUCT_NAME = "$(TARGET_NAME)";
				SKIP_INSTALL = YES;
				TARGETED_DEVICE_FAMILY = "1,2";
				VALID_ARCHS = "armv7s armv7 arm64";
			};
			name = Debug;
		};
		417D345018D1C81B0043C52D /* Release */ = {
			isa = XCBuildConfiguration;
			buildSettings = {
				ARCHS = "$(ARCHS_STANDARD)";
				CLANG_ENABLE_OBJC_ARC = YES;
				DSTROOT = /tmp/ShareSDKForANE.dst;
				ENABLE_BITCODE = NO;
				FRAMEWORK_SEARCH_PATHS = (
					"$(PROJECT_DIR)/libraries/extends/GooglePlusSDK",
					"$(PROJECT_DIR)/libraries/extends/QQSDK",
					"$(PROJECT_DIR)/libraries/extends/RenRenSDK",
					"$(PROJECT_DIR)/libraries",
					"$(PROJECT_DIR)/libraries/extends/KaKaoSDK",
					"$(PROJECT_DIR)/ShareSDK",
					"$(PROJECT_DIR)/ShareSDK/Support/Optional",
					"$(PROJECT_DIR)/ShareSDK/Support/PlatformSDK/FacebookMessengerSDK",
					"$(PROJECT_DIR)/ShareSDK/Support/PlatformSDK/KaKaoSDK",
					"$(PROJECT_DIR)/ShareSDK/Support/PlatformSDK/QQSDK",
					"$(PROJECT_DIR)/ShareSDK/Support/PlatformSDK/RenRenSDK",
					"$(PROJECT_DIR)/ShareSDK/Support/Required",
				);
				GCC_PRECOMPILE_PREFIX_HEADER = YES;
				GCC_PREFIX_HEADER = "ShareSDKForANE/ShareSDKForANE-Prefix.pch";
				IPHONEOS_DEPLOYMENT_TARGET = 6.0;
				LD_RUNPATH_SEARCH_PATHS = "$(inherited) @executable_path/Frameworks";
				LIBRARY_SEARCH_PATHS = (
					"$(inherited)",
					"$(PROJECT_DIR)/libraries/extends/SinaWeiboSDK",
					"$(PROJECT_DIR)/libraries/extends/WeChatSDK",
					"$(PROJECT_DIR)/libraries/extends/APSocialSDK",
					"$(PROJECT_DIR)/libraries/extends/YiXinSDK",
					"$(PROJECT_DIR)/ShareSDK/Support/PlatformSDK/APSocialSDK",
					"$(PROJECT_DIR)/ShareSDK/Support/PlatformSDK/SinaWeiboSDK",
					"$(PROJECT_DIR)/ShareSDK/Support/PlatformSDK/WeChatSDK",
					"$(PROJECT_DIR)/ShareSDK/Support/PlatformSDK/YiXinSDK",
				);
				ONLY_ACTIVE_ARCH = NO;
				OTHER_CFLAGS = "";
				OTHER_LDFLAGS = (
					"-ObjC",
					"-all_load",
				);
				PRODUCT_NAME = "$(TARGET_NAME)";
				SKIP_INSTALL = YES;
				TARGETED_DEVICE_FAMILY = "1,2";
				VALID_ARCHS = "armv7s armv7 arm64";
			};
			name = Release;
		};
/* End XCBuildConfiguration section */

/* Begin XCConfigurationList section */
		417D342618D1C81B0043C52D /* Build configuration list for PBXProject "ShareSDKForANE" */ = {
			isa = XCConfigurationList;
			buildConfigurations = (
				417D344C18D1C81B0043C52D /* Debug */,
				417D344D18D1C81B0043C52D /* Release */,
			);
			defaultConfigurationIsVisible = 0;
			defaultConfigurationName = Release;
		};
		417D344E18D1C81B0043C52D /* Build configuration list for PBXNativeTarget "ShareSDKForANE" */ = {
			isa = XCConfigurationList;
			buildConfigurations = (
				417D344F18D1C81B0043C52D /* Debug */,
				417D345018D1C81B0043C52D /* Release */,
			);
			defaultConfigurationIsVisible = 0;
			defaultConfigurationName = Release;
		};
/* End XCConfigurationList section */
	};
	rootObject = 417D342318D1C81B0043C52D /* Project object */;
}
