// !$*UTF8*$!
{
	archiveVersion = 1;
	classes = {
	};
	objectVersion = 46;
	objects = {

/* Begin PBXBuildFile section */
		417D342F18D1C81B0043C52D /* Foundation.framework in Frameworks */ = {isa = PBXBuildFile; fileRef = 417D342E18D1C81B0043C52D /* Foundation.framework */; };
		417D343418D1C81B0043C52D /* ShareSDKForANE.m in Copy Files */ = {isa = PBXBuildFile; fileRef = 417D343318D1C81B0043C52D /* ShareSDKForANE.m */; };
		417D346818D1CA890043C52D /* ShareSDKForANE.m in Sources */ = {isa = PBXBuildFile; fileRef = 417D343318D1C81B0043C52D /* ShareSDKForANE.m */; };
		E22C49771BC626E600A7ED02 /* AdSupport.framework in Frameworks */ = {isa = PBXBuildFile; fileRef = E22C49761BC626E600A7ED02 /* AdSupport.framework */; };
		E22DEBBC1DBF3D3C005BE7D6 /* ShareSDK.framework in Frameworks */ = {isa = PBXBuildFile; fileRef = E22DEB741DBF3D3C005BE7D6 /* ShareSDK.framework */; };
		E22DEBBD1DBF3D3C005BE7D6 /* ShareSDKConfigFile.framework in Frameworks */ = {isa = PBXBuildFile; fileRef = E22DEB781DBF3D3C005BE7D6 /* ShareSDKConfigFile.framework */; };
		E22DEBBE1DBF3D3C005BE7D6 /* ShareSDKExtension.framework in Frameworks */ = {isa = PBXBuildFile; fileRef = E22DEB791DBF3D3C005BE7D6 /* ShareSDKExtension.framework */; };
		E22DEBBF1DBF3D3C005BE7D6 /* ShareSDKInterfaceAdapter.framework in Frameworks */ = {isa = PBXBuildFile; fileRef = E22DEB7A1DBF3D3C005BE7D6 /* ShareSDKInterfaceAdapter.framework */; };
		E22DEBC01DBF3D3C005BE7D6 /* ShareSDKUI.framework in Frameworks */ = {isa = PBXBuildFile; fileRef = E22DEB7C1DBF3D3C005BE7D6 /* ShareSDKUI.framework */; };
		E22DEBC11DBF3D3C005BE7D6 /* AliPayConnector.framework in Frameworks */ = {isa = PBXBuildFile; fileRef = E22DEB7E1DBF3D3C005BE7D6 /* AliPayConnector.framework */; };
		E22DEBC21DBF3D3C005BE7D6 /* CopyConnector.framework in Frameworks */ = {isa = PBXBuildFile; fileRef = E22DEB7F1DBF3D3C005BE7D6 /* CopyConnector.framework */; };
		E22DEBC31DBF3D3C005BE7D6 /* EvernoteConnector.framework in Frameworks */ = {isa = PBXBuildFile; fileRef = E22DEB801DBF3D3C005BE7D6 /* EvernoteConnector.framework */; };
		E22DEBC41DBF3D3C005BE7D6 /* FacebookConnector.framework in Frameworks */ = {isa = PBXBuildFile; fileRef = E22DEB811DBF3D3C005BE7D6 /* FacebookConnector.framework */; };
		E22DEBC51DBF3D3C005BE7D6 /* GooglePlusConnector.framework in Frameworks */ = {isa = PBXBuildFile; fileRef = E22DEB821DBF3D3C005BE7D6 /* GooglePlusConnector.framework */; };
		E22DEBC61DBF3D3C005BE7D6 /* InstagramConnector.framework in Frameworks */ = {isa = PBXBuildFile; fileRef = E22DEB831DBF3D3C005BE7D6 /* InstagramConnector.framework */; };
		E22DEBC71DBF3D3C005BE7D6 /* InstapaperConnector.framework in Frameworks */ = {isa = PBXBuildFile; fileRef = E22DEB841DBF3D3C005BE7D6 /* InstapaperConnector.framework */; };
		E22DEBC81DBF3D3C005BE7D6 /* KakaoConnector.framework in Frameworks */ = {isa = PBXBuildFile; fileRef = E22DEB851DBF3D3C005BE7D6 /* KakaoConnector.framework */; };
		E22DEBC91DBF3D3C005BE7D6 /* LineConnector.framework in Frameworks */ = {isa = PBXBuildFile; fileRef = E22DEB861DBF3D3C005BE7D6 /* LineConnector.framework */; };
		E22DEBCA1DBF3D3C005BE7D6 /* MailConnector.framework in Frameworks */ = {isa = PBXBuildFile; fileRef = E22DEB871DBF3D3C005BE7D6 /* MailConnector.framework */; };
		E22DEBCB1DBF3D3C005BE7D6 /* PrintConnector.framework in Frameworks */ = {isa = PBXBuildFile; fileRef = E22DEB881DBF3D3C005BE7D6 /* PrintConnector.framework */; };
		E22DEBCC1DBF3D3C005BE7D6 /* QQConnector.framework in Frameworks */ = {isa = PBXBuildFile; fileRef = E22DEB891DBF3D3C005BE7D6 /* QQConnector.framework */; };
		E22DEBCD1DBF3D3C005BE7D6 /* RenrenConnector.framework in Frameworks */ = {isa = PBXBuildFile; fileRef = E22DEB8A1DBF3D3C005BE7D6 /* RenrenConnector.framework */; };
		E22DEBCE1DBF3D3C005BE7D6 /* SinaWeiboConnector.framework in Frameworks */ = {isa = PBXBuildFile; fileRef = E22DEB8B1DBF3D3C005BE7D6 /* SinaWeiboConnector.framework */; };
		E22DEBCF1DBF3D3C005BE7D6 /* SMSConnector.framework in Frameworks */ = {isa = PBXBuildFile; fileRef = E22DEB8C1DBF3D3C005BE7D6 /* SMSConnector.framework */; };
		E22DEBD01DBF3D3C005BE7D6 /* WechatConnector.framework in Frameworks */ = {isa = PBXBuildFile; fileRef = E22DEB8D1DBF3D3C005BE7D6 /* WechatConnector.framework */; };
		E22DEBD11DBF3D3C005BE7D6 /* WhatsAppConnector.framework in Frameworks */ = {isa = PBXBuildFile; fileRef = E22DEB8E1DBF3D3C005BE7D6 /* WhatsAppConnector.framework */; };
		E22DEBD21DBF3D3C005BE7D6 /* YiXinConnector.framework in Frameworks */ = {isa = PBXBuildFile; fileRef = E22DEB8F1DBF3D3C005BE7D6 /* YiXinConnector.framework */; };
		E22DEBD31DBF3D3C005BE7D6 /* libAPOpenSdk.a in Frameworks */ = {isa = PBXBuildFile; fileRef = E22DEB941DBF3D3C005BE7D6 /* libAPOpenSdk.a */; };
		E22DEBD41DBF3D3C005BE7D6 /* FBSDKMessengerShareKit.framework in Frameworks */ = {isa = PBXBuildFile; fileRef = E22DEB961DBF3D3C005BE7D6 /* FBSDKMessengerShareKit.framework */; };
		E22DEBD51DBF3D3C005BE7D6 /* KakaoOpenSDK.framework in Frameworks */ = {isa = PBXBuildFile; fileRef = E22DEB981DBF3D3C005BE7D6 /* KakaoOpenSDK.framework */; };
		E22DEBD61DBF3D3C005BE7D6 /* TencentOpenAPI.framework in Frameworks */ = {isa = PBXBuildFile; fileRef = E22DEB9A1DBF3D3C005BE7D6 /* TencentOpenAPI.framework */; };
		E22DEBD71DBF3D3C005BE7D6 /* RennSDK.framework in Frameworks */ = {isa = PBXBuildFile; fileRef = E22DEB9E1DBF3D3C005BE7D6 /* RennSDK.framework */; };
		E22DEBD91DBF3D3C005BE7D6 /* libWeChatSDK.a in Frameworks */ = {isa = PBXBuildFile; fileRef = E22DEBAE1DBF3D3C005BE7D6 /* libWeChatSDK.a */; };
		E22DEBDA1DBF3D3C005BE7D6 /* libYixinSDK.a in Frameworks */ = {isa = PBXBuildFile; fileRef = E22DEBB51DBF3D3C005BE7D6 /* libYixinSDK.a */; };
		E22DEBDB1DBF3D3C005BE7D6 /* MOBFoundation.framework in Frameworks */ = {isa = PBXBuildFile; fileRef = E22DEBB91DBF3D3C005BE7D6 /* MOBFoundation.framework */; };
		E22DEBDC1DBF3D3C005BE7D6 /* ShareSDKConnector.framework in Frameworks */ = {isa = PBXBuildFile; fileRef = E22DEBBB1DBF3D3C005BE7D6 /* ShareSDKConnector.framework */; };
		E24C04651B9427C300CF489E /* CoreMotion.framework in Frameworks */ = {isa = PBXBuildFile; fileRef = E24C04641B9427C300CF489E /* CoreMotion.framework */; };
		E24C04671B9427C900CF489E /* CoreLocation.framework in Frameworks */ = {isa = PBXBuildFile; fileRef = E24C04661B9427C900CF489E /* CoreLocation.framework */; };
		E24C04691B9427D200CF489E /* MediaPlayer.framework in Frameworks */ = {isa = PBXBuildFile; fileRef = E24C04681B9427D200CF489E /* MediaPlayer.framework */; };
		E24C046B1B9427D700CF489E /* AssetsLibrary.framework in Frameworks */ = {isa = PBXBuildFile; fileRef = E24C046A1B9427D700CF489E /* AssetsLibrary.framework */; };
		E24C046E1B9427E600CF489E /* AddressBook.framework in Frameworks */ = {isa = PBXBuildFile; fileRef = E24C046D1B9427E600CF489E /* AddressBook.framework */; };
		E25CBF7F1B87157E00AB1C99 /* ImageIO.framework in Frameworks */ = {isa = PBXBuildFile; fileRef = E25CBF7E1B87157E00AB1C99 /* ImageIO.framework */; };
/* End PBXBuildFile section */

/* Begin PBXCopyFilesBuildPhase section */
		417D342918D1C81B0043C52D /* Copy Files */ = {
			isa = PBXCopyFilesBuildPhase;
			buildActionMask = 2147483647;
			dstPath = "include/$(PRODUCT_NAME)";
			dstSubfolderSpec = 16;
			files = (
				417D343418D1C81B0043C52D /* ShareSDKForANE.m in Copy Files */,
			);
			name = "Copy Files";
			runOnlyForDeploymentPostprocessing = 0;
		};
/* End PBXCopyFilesBuildPhase section */

/* Begin PBXFileReference section */
		4104859718D9662C006FCAF8 /* CoreGraphics.framework */ = {isa = PBXFileReference; lastKnownFileType = wrapper.framework; name = CoreGraphics.framework; path = System/Library/Frameworks/CoreGraphics.framework; sourceTree = SDKROOT; };
		4104866D18D97326006FCAF8 /* SystemConfiguration.framework */ = {isa = PBXFileReference; lastKnownFileType = wrapper.framework; name = SystemConfiguration.framework; path = System/Library/Frameworks/SystemConfiguration.framework; sourceTree = SDKROOT; };
		4104867918D97371006FCAF8 /* MessageUI.framework */ = {isa = PBXFileReference; lastKnownFileType = wrapper.framework; name = MessageUI.framework; path = System/Library/Frameworks/MessageUI.framework; sourceTree = SDKROOT; };
		4104867B18D97377006FCAF8 /* CoreTelephony.framework */ = {isa = PBXFileReference; lastKnownFileType = wrapper.framework; name = CoreTelephony.framework; path = System/Library/Frameworks/CoreTelephony.framework; sourceTree = SDKROOT; };
		417D342B18D1C81B0043C52D /* libShareSDKForANE.a */ = {isa = PBXFileReference; explicitFileType = archive.ar; includeInIndex = 0; path = libShareSDKForANE.a; sourceTree = BUILT_PRODUCTS_DIR; };
		417D342E18D1C81B0043C52D /* Foundation.framework */ = {isa = PBXFileReference; lastKnownFileType = wrapper.framework; name = Foundation.framework; path = System/Library/Frameworks/Foundation.framework; sourceTree = SDKROOT; };
		417D343218D1C81B0043C52D /* ShareSDKForANE-Prefix.pch */ = {isa = PBXFileReference; lastKnownFileType = sourcecode.c.h; path = "ShareSDKForANE-Prefix.pch"; sourceTree = "<group>"; };
		417D343318D1C81B0043C52D /* ShareSDKForANE.m */ = {isa = PBXFileReference; lastKnownFileType = sourcecode.c.objc; path = ShareSDKForANE.m; sourceTree = "<group>"; };
		417D343C18D1C81B0043C52D /* XCTest.framework */ = {isa = PBXFileReference; lastKnownFileType = wrapper.framework; name = XCTest.framework; path = Library/Frameworks/XCTest.framework; sourceTree = DEVELOPER_DIR; };
		417D343F18D1C81B0043C52D /* UIKit.framework */ = {isa = PBXFileReference; lastKnownFileType = wrapper.framework; name = UIKit.framework; path = Library/Frameworks/UIKit.framework; sourceTree = DEVELOPER_DIR; };
		417D344618D1C81B0043C52D /* ShareSDKForANETests-Info.plist */ = {isa = PBXFileReference; lastKnownFileType = text.plist.xml; path = "ShareSDKForANETests-Info.plist"; sourceTree = "<group>"; };
		417D344818D1C81B0043C52D /* en */ = {isa = PBXFileReference; lastKnownFileType = text.plist.strings; name = en; path = en.lproj/InfoPlist.strings; sourceTree = "<group>"; };
		417D344A18D1C81B0043C52D /* ShareSDKForANETests.m */ = {isa = PBXFileReference; lastKnownFileType = sourcecode.c.objc; path = ShareSDKForANETests.m; sourceTree = "<group>"; };
		417D346718D1C8A60043C52D /* FlashRuntimeExtensions.h */ = {isa = PBXFileReference; fileEncoding = 4; lastKnownFileType = sourcecode.c.h; path = FlashRuntimeExtensions.h; sourceTree = "<group>"; };
		E22C49761BC626E600A7ED02 /* AdSupport.framework */ = {isa = PBXFileReference; lastKnownFileType = wrapper.framework; name = AdSupport.framework; path = System/Library/Frameworks/AdSupport.framework; sourceTree = SDKROOT; };
		E22DEB741DBF3D3C005BE7D6 /* ShareSDK.framework */ = {isa = PBXFileReference; lastKnownFileType = wrapper.framework; path = ShareSDK.framework; sourceTree = "<group>"; };
		E22DEB771DBF3D3C005BE7D6 /* ShareSDKConfigFile.bundle */ = {isa = PBXFileReference; lastKnownFileType = "wrapper.plug-in"; path = ShareSDKConfigFile.bundle; sourceTree = "<group>"; };
		E22DEB781DBF3D3C005BE7D6 /* ShareSDKConfigFile.framework */ = {isa = PBXFileReference; lastKnownFileType = wrapper.framework; path = ShareSDKConfigFile.framework; sourceTree = "<group>"; };
		E22DEB791DBF3D3C005BE7D6 /* ShareSDKExtension.framework */ = {isa = PBXFileReference; lastKnownFileType = wrapper.framework; path = ShareSDKExtension.framework; sourceTree = "<group>"; };
		E22DEB7A1DBF3D3C005BE7D6 /* ShareSDKInterfaceAdapter.framework */ = {isa = PBXFileReference; lastKnownFileType = wrapper.framework; path = ShareSDKInterfaceAdapter.framework; sourceTree = "<group>"; };
		E22DEB7B1DBF3D3C005BE7D6 /* ShareSDKUI.bundle */ = {isa = PBXFileReference; lastKnownFileType = "wrapper.plug-in"; path = ShareSDKUI.bundle; sourceTree = "<group>"; };
		E22DEB7C1DBF3D3C005BE7D6 /* ShareSDKUI.framework */ = {isa = PBXFileReference; lastKnownFileType = wrapper.framework; path = ShareSDKUI.framework; sourceTree = "<group>"; };
		E22DEB7E1DBF3D3C005BE7D6 /* AliPayConnector.framework */ = {isa = PBXFileReference; lastKnownFileType = wrapper.framework; path = AliPayConnector.framework; sourceTree = "<group>"; };
		E22DEB7F1DBF3D3C005BE7D6 /* CopyConnector.framework */ = {isa = PBXFileReference; lastKnownFileType = wrapper.framework; path = CopyConnector.framework; sourceTree = "<group>"; };
		E22DEB801DBF3D3C005BE7D6 /* EvernoteConnector.framework */ = {isa = PBXFileReference; lastKnownFileType = wrapper.framework; path = EvernoteConnector.framework; sourceTree = "<group>"; };
		E22DEB811DBF3D3C005BE7D6 /* FacebookConnector.framework */ = {isa = PBXFileReference; lastKnownFileType = wrapper.framework; path = FacebookConnector.framework; sourceTree = "<group>"; };
		E22DEB821DBF3D3C005BE7D6 /* GooglePlusConnector.framework */ = {isa = PBXFileReference; lastKnownFileType = wrapper.framework; path = GooglePlusConnector.framework; sourceTree = "<group>"; };
		E22DEB831DBF3D3C005BE7D6 /* InstagramConnector.framework */ = {isa = PBXFileReference; lastKnownFileType = wrapper.framework; path = InstagramConnector.framework; sourceTree = "<group>"; };
		E22DEB841DBF3D3C005BE7D6 /* InstapaperConnector.framework */ = {isa = PBXFileReference; lastKnownFileType = wrapper.framework; path = InstapaperConnector.framework; sourceTree = "<group>"; };
		E22DEB851DBF3D3C005BE7D6 /* KakaoConnector.framework */ = {isa = PBXFileReference; lastKnownFileType = wrapper.framework; path = KakaoConnector.framework; sourceTree = "<group>"; };
		E22DEB861DBF3D3C005BE7D6 /* LineConnector.framework */ = {isa = PBXFileReference; lastKnownFileType = wrapper.framework; path = LineConnector.framework; sourceTree = "<group>"; };
		E22DEB871DBF3D3C005BE7D6 /* MailConnector.framework */ = {isa = PBXFileReference; lastKnownFileType = wrapper.framework; path = MailConnector.framework; sourceTree = "<group>"; };
		E22DEB881DBF3D3C005BE7D6 /* PrintConnector.framework */ = {isa = PBXFileReference; lastKnownFileType = wrapper.framework; path = PrintConnector.framework; sourceTree = "<group>"; };
		E22DEB891DBF3D3C005BE7D6 /* QQConnector.framework */ = {isa = PBXFileReference; lastKnownFileType = wrapper.framework; path = QQConnector.framework; sourceTree = "<group>"; };
		E22DEB8A1DBF3D3C005BE7D6 /* RenrenConnector.framework */ = {isa = PBXFileReference; lastKnownFileType = wrapper.framework; path = RenrenConnector.framework; sourceTree = "<group>"; };
		E22DEB8B1DBF3D3C005BE7D6 /* SinaWeiboConnector.framework */ = {isa = PBXFileReference; lastKnownFileType = wrapper.framework; path = SinaWeiboConnector.framework; sourceTree = "<group>"; };
		E22DEB8C1DBF3D3C005BE7D6 /* SMSConnector.framework */ = {isa = PBXFileReference; lastKnownFileType = wrapper.framework; path = SMSConnector.framework; sourceTree = "<group>"; };
		E22DEB8D1DBF3D3C005BE7D6 /* WechatConnector.framework */ = {isa = PBXFileReference; lastKnownFileType = wrapper.framework; path = WechatConnector.framework; sourceTree = "<group>"; };
		E22DEB8E1DBF3D3C005BE7D6 /* WhatsAppConnector.framework */ = {isa = PBXFileReference; lastKnownFileType = wrapper.framework; path = WhatsAppConnector.framework; sourceTree = "<group>"; };
		E22DEB8F1DBF3D3C005BE7D6 /* YiXinConnector.framework */ = {isa = PBXFileReference; lastKnownFileType = wrapper.framework; path = YiXinConnector.framework; sourceTree = "<group>"; };
		E22DEB921DBF3D3C005BE7D6 /* APOpenAPI.h */ = {isa = PBXFileReference; fileEncoding = 4; lastKnownFileType = sourcecode.c.h; path = APOpenAPI.h; sourceTree = "<group>"; };
		E22DEB931DBF3D3C005BE7D6 /* APOpenAPIObject.h */ = {isa = PBXFileReference; fileEncoding = 4; lastKnownFileType = sourcecode.c.h; path = APOpenAPIObject.h; sourceTree = "<group>"; };
		E22DEB941DBF3D3C005BE7D6 /* libAPOpenSdk.a */ = {isa = PBXFileReference; lastKnownFileType = archive.ar; path = libAPOpenSdk.a; sourceTree = "<group>"; };
		E22DEB961DBF3D3C005BE7D6 /* FBSDKMessengerShareKit.framework */ = {isa = PBXFileReference; lastKnownFileType = wrapper.framework; path = FBSDKMessengerShareKit.framework; sourceTree = "<group>"; };
		E22DEB981DBF3D3C005BE7D6 /* KakaoOpenSDK.framework */ = {isa = PBXFileReference; lastKnownFileType = wrapper.framework; path = KakaoOpenSDK.framework; sourceTree = "<group>"; };
		E22DEB9A1DBF3D3C005BE7D6 /* TencentOpenAPI.framework */ = {isa = PBXFileReference; lastKnownFileType = wrapper.framework; path = TencentOpenAPI.framework; sourceTree = "<group>"; };
		E22DEB9B1DBF3D3C005BE7D6 /* TencentOpenApi_IOS_Bundle.bundle */ = {isa = PBXFileReference; lastKnownFileType = "wrapper.plug-in"; path = TencentOpenApi_IOS_Bundle.bundle; sourceTree = "<group>"; };
		E22DEB9D1DBF3D3C005BE7D6 /* RennSDK.bundle */ = {isa = PBXFileReference; lastKnownFileType = "wrapper.plug-in"; path = RennSDK.bundle; sourceTree = "<group>"; };
		E22DEB9E1DBF3D3C005BE7D6 /* RennSDK.framework */ = {isa = PBXFileReference; lastKnownFileType = wrapper.framework; path = RennSDK.framework; sourceTree = "<group>"; };
		E22DEBAE1DBF3D3C005BE7D6 /* libWeChatSDK.a */ = {isa = PBXFileReference; lastKnownFileType = archive.ar; path = libWeChatSDK.a; sourceTree = "<group>"; };
		E22DEBAF1DBF3D3C005BE7D6 /* read_me.txt */ = {isa = PBXFileReference; fileEncoding = 4; lastKnownFileType = text; path = read_me.txt; sourceTree = "<group>"; };
		E22DEBB01DBF3D3C005BE7D6 /* README.txt */ = {isa = PBXFileReference; fileEncoding = 4; lastKnownFileType = text; path = README.txt; sourceTree = "<group>"; };
		E22DEBB11DBF3D3C005BE7D6 /* WechatAuthSDK.h */ = {isa = PBXFileReference; fileEncoding = 4; lastKnownFileType = sourcecode.c.h; path = WechatAuthSDK.h; sourceTree = "<group>"; };
		E22DEBB21DBF3D3C005BE7D6 /* WXApi.h */ = {isa = PBXFileReference; fileEncoding = 4; lastKnownFileType = sourcecode.c.h; path = WXApi.h; sourceTree = "<group>"; };
		E22DEBB31DBF3D3C005BE7D6 /* WXApiObject.h */ = {isa = PBXFileReference; fileEncoding = 4; lastKnownFileType = sourcecode.c.h; path = WXApiObject.h; sourceTree = "<group>"; };
		E22DEBB51DBF3D3C005BE7D6 /* libYixinSDK.a */ = {isa = PBXFileReference; lastKnownFileType = archive.ar; path = libYixinSDK.a; sourceTree = "<group>"; };
		E22DEBB61DBF3D3C005BE7D6 /* YXApi.h */ = {isa = PBXFileReference; fileEncoding = 4; lastKnownFileType = sourcecode.c.h; path = YXApi.h; sourceTree = "<group>"; };
		E22DEBB71DBF3D3C005BE7D6 /* YXApiObject.h */ = {isa = PBXFileReference; fileEncoding = 4; lastKnownFileType = sourcecode.c.h; path = YXApiObject.h; sourceTree = "<group>"; };
		E22DEBB91DBF3D3C005BE7D6 /* MOBFoundation.framework */ = {isa = PBXFileReference; lastKnownFileType = wrapper.framework; path = MOBFoundation.framework; sourceTree = "<group>"; };
		E22DEBBA1DBF3D3C005BE7D6 /* ShareSDK.bundle */ = {isa = PBXFileReference; lastKnownFileType = "wrapper.plug-in"; path = ShareSDK.bundle; sourceTree = "<group>"; };
		E22DEBBB1DBF3D3C005BE7D6 /* ShareSDKConnector.framework */ = {isa = PBXFileReference; lastKnownFileType = wrapper.framework; path = ShareSDKConnector.framework; sourceTree = "<group>"; };
		E24C04641B9427C300CF489E /* CoreMotion.framework */ = {isa = PBXFileReference; lastKnownFileType = wrapper.framework; name = CoreMotion.framework; path = System/Library/Frameworks/CoreMotion.framework; sourceTree = SDKROOT; };
		E24C04661B9427C900CF489E /* CoreLocation.framework */ = {isa = PBXFileReference; lastKnownFileType = wrapper.framework; name = CoreLocation.framework; path = System/Library/Frameworks/CoreLocation.framework; sourceTree = SDKROOT; };
		E24C04681B9427D200CF489E /* MediaPlayer.framework */ = {isa = PBXFileReference; lastKnownFileType = wrapper.framework; name = MediaPlayer.framework; path = System/Library/Frameworks/MediaPlayer.framework; sourceTree = SDKROOT; };
		E24C046A1B9427D700CF489E /* AssetsLibrary.framework */ = {isa = PBXFileReference; lastKnownFileType = wrapper.framework; name = AssetsLibrary.framework; path = System/Library/Frameworks/AssetsLibrary.framework; sourceTree = SDKROOT; };
		E24C046D1B9427E600CF489E /* AddressBook.framework */ = {isa = PBXFileReference; lastKnownFileType = wrapper.framework; name = AddressBook.framework; path = System/Library/Frameworks/AddressBook.framework; sourceTree = SDKROOT; };
		E25CBF7E1B87157E00AB1C99 /* ImageIO.framework */ = {isa = PBXFileReference; lastKnownFileType = wrapper.framework; name = ImageIO.framework; path = System/Library/Frameworks/ImageIO.framework; sourceTree = SDKROOT; };
/* End PBXFileReference section */

/* Begin PBXFrameworksBuildPhase section */
		417D342818D1C81B0043C52D /* Frameworks */ = {
			isa = PBXFrameworksBuildPhase;
			buildActionMask = 2147483647;
			files = (
				E22C49771BC626E600A7ED02 /* AdSupport.framework in Frameworks */,
				E24C046E1B9427E600CF489E /* AddressBook.framework in Frameworks */,
				E22DEBCC1DBF3D3C005BE7D6 /* QQConnector.framework in Frameworks */,
				E24C046B1B9427D700CF489E /* AssetsLibrary.framework in Frameworks */,
				E22DEBD11DBF3D3C005BE7D6 /* WhatsAppConnector.framework in Frameworks */,
				E22DEBD61DBF3D3C005BE7D6 /* TencentOpenAPI.framework in Frameworks */,
				E22DEBDC1DBF3D3C005BE7D6 /* ShareSDKConnector.framework in Frameworks */,
				E22DEBC71DBF3D3C005BE7D6 /* InstapaperConnector.framework in Frameworks */,
				E22DEBCB1DBF3D3C005BE7D6 /* PrintConnector.framework in Frameworks */,
				E22DEBCD1DBF3D3C005BE7D6 /* RenrenConnector.framework in Frameworks */,
				E22DEBC91DBF3D3C005BE7D6 /* LineConnector.framework in Frameworks */,
				E24C04691B9427D200CF489E /* MediaPlayer.framework in Frameworks */,
				E22DEBD91DBF3D3C005BE7D6 /* libWeChatSDK.a in Frameworks */,
				E22DEBD41DBF3D3C005BE7D6 /* FBSDKMessengerShareKit.framework in Frameworks */,
				E24C04671B9427C900CF489E /* CoreLocation.framework in Frameworks */,
				E22DEBBD1DBF3D3C005BE7D6 /* ShareSDKConfigFile.framework in Frameworks */,
				E24C04651B9427C300CF489E /* CoreMotion.framework in Frameworks */,
				E22DEBBC1DBF3D3C005BE7D6 /* ShareSDK.framework in Frameworks */,
				E22DEBC81DBF3D3C005BE7D6 /* KakaoConnector.framework in Frameworks */,
				E25CBF7F1B87157E00AB1C99 /* ImageIO.framework in Frameworks */,
				E22DEBD51DBF3D3C005BE7D6 /* KakaoOpenSDK.framework in Frameworks */,
				E22DEBCA1DBF3D3C005BE7D6 /* MailConnector.framework in Frameworks */,
				E22DEBC51DBF3D3C005BE7D6 /* GooglePlusConnector.framework in Frameworks */,
				E22DEBC01DBF3D3C005BE7D6 /* ShareSDKUI.framework in Frameworks */,
				E22DEBC31DBF3D3C005BE7D6 /* EvernoteConnector.framework in Frameworks */,
				E22DEBBF1DBF3D3C005BE7D6 /* ShareSDKInterfaceAdapter.framework in Frameworks */,
				E22DEBDA1DBF3D3C005BE7D6 /* libYixinSDK.a in Frameworks */,
				E22DEBCF1DBF3D3C005BE7D6 /* SMSConnector.framework in Frameworks */,
				E22DEBBE1DBF3D3C005BE7D6 /* ShareSDKExtension.framework in Frameworks */,
				E22DEBC41DBF3D3C005BE7D6 /* FacebookConnector.framework in Frameworks */,
				E22DEBD01DBF3D3C005BE7D6 /* WechatConnector.framework in Frameworks */,
				E22DEBD31DBF3D3C005BE7D6 /* libAPOpenSdk.a in Frameworks */,
				E22DEBDB1DBF3D3C005BE7D6 /* MOBFoundation.framework in Frameworks */,
				E22DEBC21DBF3D3C005BE7D6 /* CopyConnector.framework in Frameworks */,
				E22DEBD71DBF3D3C005BE7D6 /* RennSDK.framework in Frameworks */,
				E22DEBC11DBF3D3C005BE7D6 /* AliPayConnector.framework in Frameworks */,
				E22DEBC61DBF3D3C005BE7D6 /* InstagramConnector.framework in Frameworks */,
				E22DEBCE1DBF3D3C005BE7D6 /* SinaWeiboConnector.framework in Frameworks */,
				417D342F18D1C81B0043C52D /* Foundation.framework in Frameworks */,
				E22DEBD21DBF3D3C005BE7D6 /* YiXinConnector.framework in Frameworks */,
			);
			runOnlyForDeploymentPostprocessing = 0;
		};
/* End PBXFrameworksBuildPhase section */

/* Begin PBXGroup section */
		417D342218D1C81B0043C52D = {
			isa = PBXGroup;
			children = (
				E22DEB731DBF3D3C005BE7D6 /* ShareSDK */,
				417D343018D1C81B0043C52D /* ShareSDKForANE */,
				417D344418D1C81B0043C52D /* ShareSDKForANETests */,
				417D342D18D1C81B0043C52D /* Frameworks */,
				417D342C18D1C81B0043C52D /* Products */,
			);
			sourceTree = "<group>";
		};
		417D342C18D1C81B0043C52D /* Products */ = {
			isa = PBXGroup;
			children = (
				417D342B18D1C81B0043C52D /* libShareSDKForANE.a */,
			);
			name = Products;
			sourceTree = "<group>";
		};
		417D342D18D1C81B0043C52D /* Frameworks */ = {
			isa = PBXGroup;
			children = (
				E22C49761BC626E600A7ED02 /* AdSupport.framework */,
				E24C046D1B9427E600CF489E /* AddressBook.framework */,
				E24C046A1B9427D700CF489E /* AssetsLibrary.framework */,
				E24C04681B9427D200CF489E /* MediaPlayer.framework */,
				E24C04661B9427C900CF489E /* CoreLocation.framework */,
				E24C04641B9427C300CF489E /* CoreMotion.framework */,
				E25CBF7E1B87157E00AB1C99 /* ImageIO.framework */,
				4104867B18D97377006FCAF8 /* CoreTelephony.framework */,
				4104867918D97371006FCAF8 /* MessageUI.framework */,
				4104866D18D97326006FCAF8 /* SystemConfiguration.framework */,
				417D342E18D1C81B0043C52D /* Foundation.framework */,
				417D343C18D1C81B0043C52D /* XCTest.framework */,
				417D343F18D1C81B0043C52D /* UIKit.framework */,
				4104859718D9662C006FCAF8 /* CoreGraphics.framework */,
			);
			name = Frameworks;
			sourceTree = "<group>";
		};
		417D343018D1C81B0043C52D /* ShareSDKForANE */ = {
			isa = PBXGroup;
			children = (
				417D346718D1C8A60043C52D /* FlashRuntimeExtensions.h */,
				417D343318D1C81B0043C52D /* ShareSDKForANE.m */,
				417D343118D1C81B0043C52D /* Supporting Files */,
			);
			path = ShareSDKForANE;
			sourceTree = "<group>";
		};
		417D343118D1C81B0043C52D /* Supporting Files */ = {
			isa = PBXGroup;
			children = (
				417D343218D1C81B0043C52D /* ShareSDKForANE-Prefix.pch */,
			);
			name = "Supporting Files";
			sourceTree = "<group>";
		};
		417D344418D1C81B0043C52D /* ShareSDKForANETests */ = {
			isa = PBXGroup;
			children = (
				417D344A18D1C81B0043C52D /* ShareSDKForANETests.m */,
				417D344518D1C81B0043C52D /* Supporting Files */,
			);
			path = ShareSDKForANETests;
			sourceTree = "<group>";
		};
		417D344518D1C81B0043C52D /* Supporting Files */ = {
			isa = PBXGroup;
			children = (
				417D344618D1C81B0043C52D /* ShareSDKForANETests-Info.plist */,
				417D344718D1C81B0043C52D /* InfoPlist.strings */,
			);
			name = "Supporting Files";
			sourceTree = "<group>";
		};
		E22DEB731DBF3D3C005BE7D6 /* ShareSDK */ = {
			isa = PBXGroup;
			children = (
				E22DEB741DBF3D3C005BE7D6 /* ShareSDK.framework */,
				E22DEB751DBF3D3C005BE7D6 /* Support */,
			);
			path = ShareSDK;
			sourceTree = "<group>";
		};
		E22DEB751DBF3D3C005BE7D6 /* Support */ = {
			isa = PBXGroup;
			children = (
				E22DEB761DBF3D3C005BE7D6 /* Optional */,
				E22DEB7D1DBF3D3C005BE7D6 /* PlatformConnector */,
				E22DEB901DBF3D3C005BE7D6 /* PlatformSDK */,
				E22DEBB81DBF3D3C005BE7D6 /* Required */,
			);
			path = Support;
			sourceTree = "<group>";
		};
		E22DEB761DBF3D3C005BE7D6 /* Optional */ = {
			isa = PBXGroup;
			children = (
				E22DEB771DBF3D3C005BE7D6 /* ShareSDKConfigFile.bundle */,
				E22DEB781DBF3D3C005BE7D6 /* ShareSDKConfigFile.framework */,
				E22DEB791DBF3D3C005BE7D6 /* ShareSDKExtension.framework */,
				E22DEB7A1DBF3D3C005BE7D6 /* ShareSDKInterfaceAdapter.framework */,
				E22DEB7B1DBF3D3C005BE7D6 /* ShareSDKUI.bundle */,
				E22DEB7C1DBF3D3C005BE7D6 /* ShareSDKUI.framework */,
			);
			path = Optional;
			sourceTree = "<group>";
		};
		E22DEB7D1DBF3D3C005BE7D6 /* PlatformConnector */ = {
			isa = PBXGroup;
			children = (
				E22DEB7E1DBF3D3C005BE7D6 /* AliPayConnector.framework */,
				E22DEB7F1DBF3D3C005BE7D6 /* CopyConnector.framework */,
				E22DEB801DBF3D3C005BE7D6 /* EvernoteConnector.framework */,
				E22DEB811DBF3D3C005BE7D6 /* FacebookConnector.framework */,
				E22DEB821DBF3D3C005BE7D6 /* GooglePlusConnector.framework */,
				E22DEB831DBF3D3C005BE7D6 /* InstagramConnector.framework */,
				E22DEB841DBF3D3C005BE7D6 /* InstapaperConnector.framework */,
				E22DEB851DBF3D3C005BE7D6 /* KakaoConnector.framework */,
				E22DEB861DBF3D3C005BE7D6 /* LineConnector.framework */,
				E22DEB871DBF3D3C005BE7D6 /* MailConnector.framework */,
				E22DEB881DBF3D3C005BE7D6 /* PrintConnector.framework */,
				E22DEB891DBF3D3C005BE7D6 /* QQConnector.framework */,
				E22DEB8A1DBF3D3C005BE7D6 /* RenrenConnector.framework */,
				E22DEB8B1DBF3D3C005BE7D6 /* SinaWeiboConnector.framework */,
				E22DEB8C1DBF3D3C005BE7D6 /* SMSConnector.framework */,
				E22DEB8D1DBF3D3C005BE7D6 /* WechatConnector.framework */,
				E22DEB8E1DBF3D3C005BE7D6 /* WhatsAppConnector.framework */,
				E22DEB8F1DBF3D3C005BE7D6 /* YiXinConnector.framework */,
			);
			path = PlatformConnector;
			sourceTree = "<group>";
		};
		E22DEB901DBF3D3C005BE7D6 /* PlatformSDK */ = {
			isa = PBXGroup;
			children = (
				E22DEB911DBF3D3C005BE7D6 /* APSocialSDK */,
				E22DEB951DBF3D3C005BE7D6 /* FacebookMessengerSDK */,
				E22DEB971DBF3D3C005BE7D6 /* KaKaoSDK */,
				E22DEB991DBF3D3C005BE7D6 /* QQSDK */,
				E22DEB9C1DBF3D3C005BE7D6 /* RenRenSDK */,
				E22DEBAD1DBF3D3C005BE7D6 /* WeChatSDK */,
				E22DEBB41DBF3D3C005BE7D6 /* YiXinSDK */,
			);
			path = PlatformSDK;
			sourceTree = "<group>";
		};
		E22DEB911DBF3D3C005BE7D6 /* APSocialSDK */ = {
			isa = PBXGroup;
			children = (
				E22DEB921DBF3D3C005BE7D6 /* APOpenAPI.h */,
				E22DEB931DBF3D3C005BE7D6 /* APOpenAPIObject.h */,
				E22DEB941DBF3D3C005BE7D6 /* libAPOpenSdk.a */,
			);
			path = APSocialSDK;
			sourceTree = "<group>";
		};
		E22DEB951DBF3D3C005BE7D6 /* FacebookMessengerSDK */ = {
			isa = PBXGroup;
			children = (
				E22DEB961DBF3D3C005BE7D6 /* FBSDKMessengerShareKit.framework */,
			);
			path = FacebookMessengerSDK;
			sourceTree = "<group>";
		};
		E22DEB971DBF3D3C005BE7D6 /* KaKaoSDK */ = {
			isa = PBXGroup;
			children = (
				E22DEB981DBF3D3C005BE7D6 /* KakaoOpenSDK.framework */,
			);
			path = KaKaoSDK;
			sourceTree = "<group>";
		};
		E22DEB991DBF3D3C005BE7D6 /* QQSDK */ = {
			isa = PBXGroup;
			children = (
				E22DEB9A1DBF3D3C005BE7D6 /* TencentOpenAPI.framework */,
				E22DEB9B1DBF3D3C005BE7D6 /* TencentOpenApi_IOS_Bundle.bundle */,
			);
			path = QQSDK;
			sourceTree = "<group>";
		};
		E22DEB9C1DBF3D3C005BE7D6 /* RenRenSDK */ = {
			isa = PBXGroup;
			children = (
				E22DEB9D1DBF3D3C005BE7D6 /* RennSDK.bundle */,
				E22DEB9E1DBF3D3C005BE7D6 /* RennSDK.framework */,
			);
			path = RenRenSDK;
			sourceTree = "<group>";
		};
		E22DEBAD1DBF3D3C005BE7D6 /* WeChatSDK */ = {
			isa = PBXGroup;
			children = (
				E22DEBAE1DBF3D3C005BE7D6 /* libWeChatSDK.a */,
				E22DEBAF1DBF3D3C005BE7D6 /* read_me.txt */,
				E22DEBB01DBF3D3C005BE7D6 /* README.txt */,
				E22DEBB11DBF3D3C005BE7D6 /* WechatAuthSDK.h */,
				E22DEBB21DBF3D3C005BE7D6 /* WXApi.h */,
				E22DEBB31DBF3D3C005BE7D6 /* WXApiObject.h */,
			);
			path = WeChatSDK;
			sourceTree = "<group>";
		};
		E22DEBB41DBF3D3C005BE7D6 /* YiXinSDK */ = {
			isa = PBXGroup;
			children = (
				E22DEBB51DBF3D3C005BE7D6 /* libYixinSDK.a */,
				E22DEBB61DBF3D3C005BE7D6 /* YXApi.h */,
				E22DEBB71DBF3D3C005BE7D6 /* YXApiObject.h */,
			);
			path = YiXinSDK;
			sourceTree = "<group>";
		};
		E22DEBB81DBF3D3C005BE7D6 /* Required */ = {
			isa = PBXGroup;
			children = (
				E22DEBB91DBF3D3C005BE7D6 /* MOBFoundation.framework */,
				E22DEBBA1DBF3D3C005BE7D6 /* ShareSDK.bundle */,
				E22DEBBB1DBF3D3C005BE7D6 /* ShareSDKConnector.framework */,
			);
			path = Required;
			sourceTree = "<group>";
		};
/* End PBXGroup section */

/* Begin PBXNativeTarget section */
		417D342A18D1C81B0043C52D /* ShareSDKForANE */ = {
			isa = PBXNativeTarget;
			buildConfigurationList = 417D344E18D1C81B0043C52D /* Build configuration list for PBXNativeTarget "ShareSDKForANE" */;
			buildPhases = (
				417D342718D1C81B0043C52D /* Sources */,
				417D342818D1C81B0043C52D /* Frameworks */,
				417D342918D1C81B0043C52D /* Copy Files */,
			);
			buildRules = (
			);
			dependencies = (
			);
			name = ShareSDKForANE;
			productName = ShareSDKForANE;
			productReference = 417D342B18D1C81B0043C52D /* libShareSDKForANE.a */;
			productType = "com.apple.product-type.library.static";
		};
/* End PBXNativeTarget section */

/* Begin PBXProject section */
		417D342318D1C81B0043C52D /* Project object */ = {
			isa = PBXProject;
			attributes = {
				LastUpgradeCheck = 0510;
				ORGANIZATIONNAME = "掌淘科技";
			};
			buildConfigurationList = 417D342618D1C81B0043C52D /* Build configuration list for PBXProject "ShareSDKForANE" */;
			compatibilityVersion = "Xcode 3.2";
			developmentRegion = English;
			hasScannedForEncodings = 0;
			knownRegions = (
				en,
				Base,
				"zh-Hans",
			);
			mainGroup = 417D342218D1C81B0043C52D;
			productRefGroup = 417D342C18D1C81B0043C52D /* Products */;
			projectDirPath = "";
			projectRoot = "";
			targets = (
				417D342A18D1C81B0043C52D /* ShareSDKForANE */,
			);
		};
/* End PBXProject section */

/* Begin PBXSourcesBuildPhase section */
		417D342718D1C81B0043C52D /* Sources */ = {
			isa = PBXSourcesBuildPhase;
			buildActionMask = 2147483647;
			files = (
				417D346818D1CA890043C52D /* ShareSDKForANE.m in Sources */,
			);
			runOnlyForDeploymentPostprocessing = 0;
		};
/* End PBXSourcesBuildPhase section */

/* Begin PBXVariantGroup section */
		417D344718D1C81B0043C52D /* InfoPlist.strings */ = {
			isa = PBXVariantGroup;
			children = (
				417D344818D1C81B0043C52D /* en */,
			);
			name = InfoPlist.strings;
			sourceTree = "<group>";
		};
/* End PBXVariantGroup section */

/* Begin XCBuildConfiguration section */
		417D344C18D1C81B0043C52D /* Debug */ = {
			isa = XCBuildConfiguration;
			buildSettings = {
				ALWAYS_SEARCH_USER_PATHS = NO;
				ARCHS = (
					"$(ARCHS_STANDARD)",
					armv7s,
					armv64,
				);
				CLANG_CXX_LANGUAGE_STANDARD = "gnu++0x";
				CLANG_CXX_LIBRARY = "libc++";
				CLANG_ENABLE_MODULES = YES;
				CLANG_ENABLE_OBJC_ARC = YES;
				CLANG_WARN_BOOL_CONVERSION = YES;
				CLANG_WARN_CONSTANT_CONVERSION = YES;
				CLANG_WARN_DIRECT_OBJC_ISA_USAGE = YES_ERROR;
				CLANG_WARN_EMPTY_BODY = YES;
				CLANG_WARN_ENUM_CONVERSION = YES;
				CLANG_WARN_INT_CONVERSION = YES;
				CLANG_WARN_OBJC_ROOT_CLASS = YES_ERROR;
				CLANG_WARN__DUPLICATE_METHOD_MATCH = YES;
				COPY_PHASE_STRIP = NO;
				GCC_C_LANGUAGE_STANDARD = gnu99;
				GCC_DYNAMIC_NO_PIC = NO;
				GCC_OPTIMIZATION_LEVEL = 0;
				GCC_PREPROCESSOR_DEFINITIONS = (
					"DEBUG=1",
					"$(inherited)",
				);
				GCC_SYMBOLS_PRIVATE_EXTERN = NO;
				GCC_WARN_64_TO_32_BIT_CONVERSION = YES;
				GCC_WARN_ABOUT_RETURN_TYPE = YES_ERROR;
				GCC_WARN_UNDECLARED_SELECTOR = YES;
				GCC_WARN_UNINITIALIZED_AUTOS = YES_AGGRESSIVE;
				GCC_WARN_UNUSED_FUNCTION = YES;
				GCC_WARN_UNUSED_VARIABLE = YES;
				IPHONEOS_DEPLOYMENT_TARGET = 7.1;
				ONLY_ACTIVE_ARCH = YES;
				SDKROOT = iphoneos;
			};
			name = Debug;
		};
		417D344D18D1C81B0043C52D /* Release */ = {
			isa = XCBuildConfiguration;
			buildSettings = {
				ALWAYS_SEARCH_USER_PATHS = NO;
				ARCHS = (
					"$(ARCHS_STANDARD)",
					armv7s,
					armv64,
				);
				CLANG_CXX_LANGUAGE_STANDARD = "gnu++0x";
				CLANG_CXX_LIBRARY = "libc++";
				CLANG_ENABLE_MODULES = YES;
				CLANG_ENABLE_OBJC_ARC = YES;
				CLANG_WARN_BOOL_CONVERSION = YES;
				CLANG_WARN_CONSTANT_CONVERSION = YES;
				CLANG_WARN_DIRECT_OBJC_ISA_USAGE = YES_ERROR;
				CLANG_WARN_EMPTY_BODY = YES;
				CLANG_WARN_ENUM_CONVERSION = YES;
				CLANG_WARN_INT_CONVERSION = YES;
				CLANG_WARN_OBJC_ROOT_CLASS = YES_ERROR;
				CLANG_WARN__DUPLICATE_METHOD_MATCH = YES;
				COPY_PHASE_STRIP = YES;
				ENABLE_NS_ASSERTIONS = NO;
				GCC_C_LANGUAGE_STANDARD = gnu99;
				GCC_WARN_64_TO_32_BIT_CONVERSION = YES;
				GCC_WARN_ABOUT_RETURN_TYPE = YES_ERROR;
				GCC_WARN_UNDECLARED_SELECTOR = YES;
				GCC_WARN_UNINITIALIZED_AUTOS = YES_AGGRESSIVE;
				GCC_WARN_UNUSED_FUNCTION = YES;
				GCC_WARN_UNUSED_VARIABLE = YES;
				IPHONEOS_DEPLOYMENT_TARGET = 7.1;
				SDKROOT = iphoneos;
				VALIDATE_PRODUCT = YES;
			};
			name = Release;
		};
		417D344F18D1C81B0043C52D /* Debug */ = {
			isa = XCBuildConfiguration;
			buildSettings = {
				ARCHS = "$(ARCHS_STANDARD)";
				CLANG_ENABLE_OBJC_ARC = YES;
				DSTROOT = /tmp/ShareSDKForANE.dst;
				ENABLE_BITCODE = NO;
				FRAMEWORK_SEARCH_PATHS = (
					"$(PROJECT_DIR)/ShareSDK",
					"$(PROJECT_DIR)/ShareSDK/Support/Optional",
					"$(PROJECT_DIR)/ShareSDK/Support/PlatformConnector",
					"$(PROJECT_DIR)/ShareSDK/Support/PlatformSDK/FacebookMessengerSDK",
					"$(PROJECT_DIR)/ShareSDK/Support/PlatformSDK/KaKaoSDK",
					"$(PROJECT_DIR)/ShareSDK/Support/PlatformSDK/QQSDK",
					"$(PROJECT_DIR)/ShareSDK/Support/PlatformSDK/RenRenSDK",
					"$(PROJECT_DIR)/ShareSDK/Support/Required",
				);
				GCC_PRECOMPILE_PREFIX_HEADER = YES;
				GCC_PREFIX_HEADER = "ShareSDKForANE/ShareSDKForANE-Prefix.pch";
				IPHONEOS_DEPLOYMENT_TARGET = 6.0;
				LD_RUNPATH_SEARCH_PATHS = "$(inherited) @executable_path/Frameworks";
				LIBRARY_SEARCH_PATHS = (
					"$(inherited)",
					"$(PROJECT_DIR)/ShareSDK/Support/PlatformSDK/APSocialSDK",
					"$(PROJECT_DIR)/ShareSDK/Support/PlatformSDK/SinaWeiboSDK",
					"$(PROJECT_DIR)/ShareSDK/Support/PlatformSDK/WeChatSDK",
					"$(PROJECT_DIR)/ShareSDK/Support/PlatformSDK/YiXinSDK",
				);
				ONLY_ACTIVE_ARCH = YES;
				OTHER_CFLAGS = "";
				OTHER_LDFLAGS = (
					"-ObjC",
					"-all_load",
				);
				PRODUCT_NAME = "$(TARGET_NAME)";
				SKIP_INSTALL = YES;
				TARGETED_DEVICE_FAMILY = "1,2";
				VALID_ARCHS = "armv7s armv7 arm64";
			};
			name = Debug;
		};
		417D345018D1C81B0043C52D /* Release */ = {
			isa = XCBuildConfiguration;
			buildSettings = {
				ARCHS = "$(ARCHS_STANDARD)";
				CLANG_ENABLE_OBJC_ARC = YES;
				DSTROOT = /tmp/ShareSDKForANE.dst;
				ENABLE_BITCODE = NO;
				FRAMEWORK_SEARCH_PATHS = (
					"$(PROJECT_DIR)/ShareSDK",
					"$(PROJECT_DIR)/ShareSDK/Support/Optional",
					"$(PROJECT_DIR)/ShareSDK/Support/PlatformConnector",
					"$(PROJECT_DIR)/ShareSDK/Support/PlatformSDK/FacebookMessengerSDK",
					"$(PROJECT_DIR)/ShareSDK/Support/PlatformSDK/KaKaoSDK",
					"$(PROJECT_DIR)/ShareSDK/Support/PlatformSDK/QQSDK",
					"$(PROJECT_DIR)/ShareSDK/Support/PlatformSDK/RenRenSDK",
					"$(PROJECT_DIR)/ShareSDK/Support/Required",
				);
				GCC_PRECOMPILE_PREFIX_HEADER = YES;
				GCC_PREFIX_HEADER = "ShareSDKForANE/ShareSDKForANE-Prefix.pch";
				IPHONEOS_DEPLOYMENT_TARGET = 6.0;
				LD_RUNPATH_SEARCH_PATHS = "$(inherited) @executable_path/Frameworks";
				LIBRARY_SEARCH_PATHS = (
					"$(inherited)",
					"$(PROJECT_DIR)/ShareSDK/Support/PlatformSDK/APSocialSDK",
					"$(PROJECT_DIR)/ShareSDK/Support/PlatformSDK/SinaWeiboSDK",
					"$(PROJECT_DIR)/ShareSDK/Support/PlatformSDK/WeChatSDK",
					"$(PROJECT_DIR)/ShareSDK/Support/PlatformSDK/YiXinSDK",
				);
				ONLY_ACTIVE_ARCH = NO;
				OTHER_CFLAGS = "";
				OTHER_LDFLAGS = (
					"-ObjC",
					"-all_load",
				);
				PRODUCT_NAME = "$(TARGET_NAME)";
				SKIP_INSTALL = YES;
				TARGETED_DEVICE_FAMILY = "1,2";
				VALID_ARCHS = "armv7s armv7 arm64";
			};
			name = Release;
		};
/* End XCBuildConfiguration section */

/* Begin XCConfigurationList section */
		417D342618D1C81B0043C52D /* Build configuration list for PBXProject "ShareSDKForANE" */ = {
			isa = XCConfigurationList;
			buildConfigurations = (
				417D344C18D1C81B0043C52D /* Debug */,
				417D344D18D1C81B0043C52D /* Release */,
			);
			defaultConfigurationIsVisible = 0;
			defaultConfigurationName = Release;
		};
		417D344E18D1C81B0043C52D /* Build configuration list for PBXNativeTarget "ShareSDKForANE" */ = {
			isa = XCConfigurationList;
			buildConfigurations = (
				417D344F18D1C81B0043C52D /* Debug */,
				417D345018D1C81B0043C52D /* Release */,
			);
			defaultConfigurationIsVisible = 0;
			defaultConfigurationName = Release;
		};
/* End XCConfigurationList section */
	};
	rootObject = 417D342318D1C81B0043C52D /* Project object */;
}
